Microsoft Visual Studio Solution File, Format Version 12.00
# Visual Studio 15
Project("{8BC9CEB8-8B4A-11D0-8D11-00A0C91BC942}") = "ALL_BUILD", "ALL_BUILD.vcxproj", "{A24C256E-144D-3A9D-93C5-392294D0478E}"
	ProjectSection(ProjectDependencies) = postProject
		{564E7C8D-6FF7-3BF4-A83D-72890FC75C85} = {564E7C8D-6FF7-3BF4-A83D-72890FC75C85}
	EndProjectSection
EndProject
Project("{8BC9CEB8-8B4A-11D0-8D11-00A0C91BC942}") = "NotAnEngine", "NotAnEngine.vcxproj", "{564E7C8D-6FF7-3BF4-A83D-72890FC75C85}"
	ProjectSection(ProjectDependencies) = postProject
	EndProjectSection
EndProject
Global
	GlobalSection(SolutionConfigurationPlatforms) = preSolution
		Debug|Win32 = Debug|Win32
		Release|Win32 = Release|Win32
		MinSizeRel|Win32 = MinSizeRel|Win32
		RelWithDebInfo|Win32 = RelWithDebInfo|Win32
	EndGlobalSection
	GlobalSection(ProjectConfigurationPlatforms) = postSolution
		{A24C256E-144D-3A9D-93C5-392294D0478E}.Debug|Win32.ActiveCfg = Debug|Win32
		{A24C256E-144D-3A9D-93C5-392294D0478E}.Release|Win32.ActiveCfg = Release|Win32
		{A24C256E-144D-3A9D-93C5-392294D0478E}.MinSizeRel|Win32.ActiveCfg = MinSizeRel|Win32
		{A24C256E-144D-3A9D-93C5-392294D0478E}.RelWithDebInfo|Win32.ActiveCfg = RelWithDebInfo|Win32
		{564E7C8D-6FF7-3BF4-A83D-72890FC75C85}.Debug|Win32.ActiveCfg = Debug|Win32
		{564E7C8D-6FF7-3BF4-A83D-72890FC75C85}.Debug|Win32.Build.0 = Debug|Win32
		{564E7C8D-6FF7-3BF4-A83D-72890FC75C85}.Release|Win32.ActiveCfg = Release|Win32
		{564E7C8D-6FF7-3BF4-A83D-72890FC75C85}.Release|Win32.Build.0 = Release|Win32
		{564E7C8D-6FF7-3BF4-A83D-72890FC75C85}.MinSizeRel|Win32.ActiveCfg = MinSizeRel|Win32
		{564E7C8D-6FF7-3BF4-A83D-72890FC75C85}.MinSizeRel|Win32.Build.0 = MinSizeRel|Win32
		{564E7C8D-6FF7-3BF4-A83D-72890FC75C85}.RelWithDebInfo|Win32.ActiveCfg = RelWithDebInfo|Win32
		{564E7C8D-6FF7-3BF4-A83D-72890FC75C85}.RelWithDebInfo|Win32.Build.0 = RelWithDebInfo|Win32
	EndGlobalSection
	GlobalSection(ExtensibilityGlobals) = postSolution
		SolutionGuid = {D2EC1CE6-B2F6-3400-B03D-661D2941B80E}
	EndGlobalSection
	GlobalSection(ExtensibilityAddIns) = postSolution
	EndGlobalSection
EndGlobal
