
Microsoft Visual Studio Solution File, Format Version 12.00
# Visual Studio Version 16
VisualStudioVersion = 16.0.29209.62
MinimumVisualStudioVersion = 10.0.40219.1
Project("{8BC9CEB8-8B4A-11D0-8D11-00A0C91BC942}") = "ALL_BUILD", "ALL_BUILD.vcxproj", "{79DE0F92-C960-3F34-90D2-2F747FA89AEA}"
	ProjectSection(ProjectDependencies) = postProject
		{175830E4-A35E-3F08-9E04-A2F198BECDDE} = {175830E4-A35E-3F08-9E04-A2F198BECDDE}
	EndProjectSection
EndProject
Project("{8BC9CEB8-8B4A-11D0-8D11-00A0C91BC942}") = "NotAnEngine", "NotAnEngine.vcxproj", "{175830E4-A35E-3F08-9E04-A2F198BECDDE}"
EndProject
Global
	GlobalSection(SolutionConfigurationPlatforms) = preSolution
		Debug|x64 = Debug|x64
		Debug|x86 = Debug|x86
		MinSizeRel|x64 = MinSizeRel|x64
		MinSizeRel|x86 = MinSizeRel|x86
		Release|x64 = Release|x64
		Release|x86 = Release|x86
		RelWithDebInfo|x64 = RelWithDebInfo|x64
		RelWithDebInfo|x86 = RelWithDebInfo|x86
	EndGlobalSection
	GlobalSection(ProjectConfigurationPlatforms) = postSolution
		{79DE0F92-C960-3F34-90D2-2F747FA89AEA}.Debug|x64.ActiveCfg = Debug|x64
		{79DE0F92-C960-3F34-90D2-2F747FA89AEA}.Debug|x86.ActiveCfg = Debug|x64
		{79DE0F92-C960-3F34-90D2-2F747FA89AEA}.MinSizeRel|x64.ActiveCfg = MinSizeRel|x64
		{79DE0F92-C960-3F34-90D2-2F747FA89AEA}.MinSizeRel|x86.ActiveCfg = MinSizeRel|x64
		{79DE0F92-C960-3F34-90D2-2F747FA89AEA}.Release|x64.ActiveCfg = Release|x64
		{79DE0F92-C960-3F34-90D2-2F747FA89AEA}.Release|x86.ActiveCfg = Release|x64
		{79DE0F92-C960-3F34-90D2-2F747FA89AEA}.RelWithDebInfo|x64.ActiveCfg = RelWithDebInfo|x64
		{79DE0F92-C960-3F34-90D2-2F747FA89AEA}.RelWithDebInfo|x86.ActiveCfg = RelWithDebInfo|x64
		{175830E4-A35E-3F08-9E04-A2F198BECDDE}.Debug|x64.ActiveCfg = Debug|x64
		{175830E4-A35E-3F08-9E04-A2F198BECDDE}.Debug|x64.Build.0 = Debug|x64
		{175830E4-A35E-3F08-9E04-A2F198BECDDE}.Debug|x86.ActiveCfg = Debug|Win32
		{175830E4-A35E-3F08-9E04-A2F198BECDDE}.Debug|x86.Build.0 = Debug|Win32
		{175830E4-A35E-3F08-9E04-A2F198BECDDE}.MinSizeRel|x64.ActiveCfg = MinSizeRel|x64
		{175830E4-A35E-3F08-9E04-A2F198BECDDE}.MinSizeRel|x64.Build.0 = MinSizeRel|x64
		{175830E4-A35E-3F08-9E04-A2F198BECDDE}.MinSizeRel|x86.ActiveCfg = MinSizeRel|Win32
		{175830E4-A35E-3F08-9E04-A2F198BECDDE}.MinSizeRel|x86.Build.0 = MinSizeRel|Win32
		{175830E4-A35E-3F08-9E04-A2F198BECDDE}.Release|x64.ActiveCfg = Release|x64
		{175830E4-A35E-3F08-9E04-A2F198BECDDE}.Release|x64.Build.0 = Release|x64
		{175830E4-A35E-3F08-9E04-A2F198BECDDE}.Release|x86.ActiveCfg = Release|Win32
		{175830E4-A35E-3F08-9E04-A2F198BECDDE}.Release|x86.Build.0 = Release|Win32
		{175830E4-A35E-3F08-9E04-A2F198BECDDE}.RelWithDebInfo|x64.ActiveCfg = RelWithDebInfo|x64
		{175830E4-A35E-3F08-9E04-A2F198BECDDE}.RelWithDebInfo|x64.Build.0 = RelWithDebInfo|x64
		{175830E4-A35E-3F08-9E04-A2F198BECDDE}.RelWithDebInfo|x86.ActiveCfg = RelWithDebInfo|Win32
		{175830E4-A35E-3F08-9E04-A2F198BECDDE}.RelWithDebInfo|x86.Build.0 = RelWithDebInfo|Win32
	EndGlobalSection
	GlobalSection(SolutionProperties) = preSolution
		HideSolutionNode = FALSE
	EndGlobalSection
	GlobalSection(ExtensibilityGlobals) = postSolution
		SolutionGuid = {90507EFE-9D36-3C69-9CCA-81E039A04ADA}
	EndGlobalSection
EndGlobal
