<?xml version="1.0" encoding="utf-8"?>
<Project ToolsVersion="16.0" xmlns="http://schemas.microsoft.com/developer/msbuild/2003">
  <ItemGroup>
    <ClCompile Include="C:\Users\Rey\Desktop\Repos\Renderer\Renderer\NotAnEngine\src\Camera.cpp">
      <Filter>Source Files</Filter>
    </ClCompile>
    <ClCompile Include="C:\Users\Rey\Desktop\Repos\Renderer\Renderer\NotAnEngine\src\Material.cpp">
      <Filter>Source Files</Filter>
    </ClCompile>
    <ClCompile Include="C:\Users\Rey\Desktop\Repos\Renderer\Renderer\NotAnEngine\src\Mesh.cpp">
      <Filter>Source Files</Filter>
    </ClCompile>
    <ClCompile Include="C:\Users\Rey\Desktop\Repos\Renderer\Renderer\NotAnEngine\src\MeshGroup.cpp">
      <Filter>Source Files</Filter>
    </ClCompile>
    <ClCompile Include="C:\Users\Rey\Desktop\Repos\Renderer\Renderer\NotAnEngine\src\MeshRenderer.cpp">
      <Filter>Source Files</Filter>
    </ClCompile>
    <ClCompile Include="C:\Users\Rey\Desktop\Repos\Renderer\Renderer\NotAnEngine\src\Primitives.cpp">
      <Filter>Source Files</Filter>
    </ClCompile>
    <ClCompile Include="C:\Users\Rey\Desktop\Repos\Renderer\Renderer\NotAnEngine\src\Renderer.cpp">
      <Filter>Source Files</Filter>
    </ClCompile>
    <ClCompile Include="C:\Users\Rey\Desktop\Repos\Renderer\Renderer\NotAnEngine\src\Shader.cpp">
      <Filter>Source Files</Filter>
    </ClCompile>
    <ClCompile Include="C:\Users\Rey\Desktop\Repos\Renderer\Renderer\NotAnEngine\src\Texture.cpp">
      <Filter>Source Files</Filter>
    </ClCompile>
    <ClCompile Include="C:\Users\Rey\Desktop\Repos\Renderer\Renderer\NotAnEngine\src\Uniform.cpp">
      <Filter>Source Files</Filter>
    </ClCompile>
    <ClCompile Include="C:\Users\Rey\Desktop\Repos\Renderer\Renderer\NotAnEngine\src\UniformBuffer.cpp">
      <Filter>Source Files</Filter>
    </ClCompile>
    <ClCompile Include="C:\Users\Rey\Desktop\Repos\Renderer\Renderer\NotAnEngine\src\Vertex.cpp">
      <Filter>Source Files</Filter>
    </ClCompile>
    <ClCompile Include="C:\Users\Rey\Desktop\Repos\Renderer\Renderer\NotAnEngine\src\main.cpp">
      <Filter>Source Files</Filter>
    </ClCompile>
    <ClCompile Include="C:\Users\Rey\Desktop\Repos\Renderer\Renderer\NotAnEngine\vendor\glcore\gl_core_4_5.c">
      <Filter>Source Files</Filter>
    </ClCompile>
    <ClCompile Include="src\Window.cpp">
      <Filter>Source Files</Filter>
    </ClCompile>
    <ClCompile Include="src\NotAnEngineCore.cpp">
      <Filter>Source Files</Filter>
    </ClCompile>
  </ItemGroup>
  <ItemGroup>
    <ClInclude Include="C:\Users\Rey\Desktop\Repos\Renderer\Renderer\NotAnEngine\src\Camera.h">
      <Filter>Header Files</Filter>
    </ClInclude>
    <ClInclude Include="C:\Users\Rey\Desktop\Repos\Renderer\Renderer\NotAnEngine\src\Lights.h">
      <Filter>Header Files</Filter>
    </ClInclude>
    <ClInclude Include="C:\Users\Rey\Desktop\Repos\Renderer\Renderer\NotAnEngine\src\Material.h">
      <Filter>Header Files</Filter>
    </ClInclude>
    <ClInclude Include="C:\Users\Rey\Desktop\Repos\Renderer\Renderer\NotAnEngine\src\Mesh.h">
      <Filter>Header Files</Filter>
    </ClInclude>
    <ClInclude Include="C:\Users\Rey\Desktop\Repos\Renderer\Renderer\NotAnEngine\src\MeshGroup.h">
      <Filter>Header Files</Filter>
    </ClInclude>
    <ClInclude Include="C:\Users\Rey\Desktop\Repos\Renderer\Renderer\NotAnEngine\src\Primitives.h">
      <Filter>Header Files</Filter>
    </ClInclude>
    <ClInclude Include="C:\Users\Rey\Desktop\Repos\Renderer\Renderer\NotAnEngine\src\Renderer.h">
      <Filter>Header Files</Filter>
    </ClInclude>
    <ClInclude Include="C:\Users\Rey\Desktop\Repos\Renderer\Renderer\NotAnEngine\src\Shader.h">
      <Filter>Header Files</Filter>
    </ClInclude>
    <ClInclude Include="C:\Users\Rey\Desktop\Repos\Renderer\Renderer\NotAnEngine\src\Texture.h">
      <Filter>Header Files</Filter>
    </ClInclude>
    <ClInclude Include="C:\Users\Rey\Desktop\Repos\Renderer\Renderer\NotAnEngine\src\Uniform.h">
      <Filter>Header Files</Filter>
    </ClInclude>
    <ClInclude Include="C:\Users\Rey\Desktop\Repos\Renderer\Renderer\NotAnEngine\src\UniformBuffer.h">
      <Filter>Header Files</Filter>
    </ClInclude>
    <ClInclude Include="C:\Users\Rey\Desktop\Repos\Renderer\Renderer\NotAnEngine\src\Vertex.h">
      <Filter>Header Files</Filter>
    </ClInclude>
    <ClInclude Include="C:\Users\Rey\Desktop\Repos\Renderer\Renderer\NotAnEngine\vendor\glcore\gl_core_4_5.h">
      <Filter>Header Files</Filter>
    </ClInclude>
    <ClInclude Include="src\Window.h">
      <Filter>Header Files</Filter>
    </ClInclude>
    <ClInclude Include="src\NotAnEngineCore.h">
      <Filter>Header Files</Filter>
    </ClInclude>
  </ItemGroup>
  <ItemGroup>
    <Filter Include="Header Files">
      <UniqueIdentifier>{7D31F7AF-97BC-3F78-AB01-9B4A80DDF312}</UniqueIdentifier>
    </Filter>
    <Filter Include="Source Files">
      <UniqueIdentifier>{76EB0172-5012-3B8E-AD99-FD9172D854EB}</UniqueIdentifier>
    </Filter>
  </ItemGroup>
</Project>